
Microsoft Visual Studio Solution File, Format Version 12.00
# Visual Studio Version 17
VisualStudioVersion = 17.13.35919.96 d17.13
MinimumVisualStudioVersion = 10.0.40219.1
Project("{FAE04EC0-301F-11D3-BF4B-00C04F79EFBC}") = "GeoAlerta-C#", "GeoAlerta-C#\GeoAlerta-C#.csproj", "{38C2719C-A302-4A5D-BA30-8B0FFBDCEA86}"
EndProject
Global
	GlobalSection(SolutionConfigurationPlatforms) = preSolution
		Debug|Any CPU = Debug|Any CPU
		Release|Any CPU = Release|Any CPU
	EndGlobalSection
	GlobalSection(ProjectConfigurationPlatforms) = postSolution
		{38C2719C-A302-4A5D-BA30-8B0FFBDCEA86}.Debug|Any CPU.ActiveCfg = Debug|Any CPU
		{38C2719C-A302-4A5D-BA30-8B0FFBDCEA86}.Debug|Any CPU.Build.0 = Debug|Any CPU
		{38C2719C-A302-4A5D-BA30-8B0FFBDCEA86}.Release|Any CPU.ActiveCfg = Release|Any CPU
		{38C2719C-A302-4A5D-BA30-8B0FFBDCEA86}.Release|Any CPU.Build.0 = Release|Any CPU
	EndGlobalSection
	GlobalSection(SolutionProperties) = preSolution
		HideSolutionNode = FALSE
	EndGlobalSection
	GlobalSection(ExtensibilityGlobals) = postSolution
		SolutionGuid = {37740879-4C73-4B5C-B1AD-076B04815966}
	EndGlobalSection
EndGlobal
